// !$*UTF8*$!
{
	archiveVersion = 1;
	classes = {
	};
	objectVersion = 46;
	objects = {

/* Begin PBXBuildFile section */
		71130A3119F3ABE00098DD3C /* ImageModel.swift in Sources */ = {isa = PBXBuildFile; fileRef = 71130A3019F3ABE00098DD3C /* ImageModel.swift */; };
		7122781519F628E80078E31B /* ImageTableViewCell.swift in Sources */ = {isa = PBXBuildFile; fileRef = 7122781419F628E70078E31B /* ImageTableViewCell.swift */; };
		7148356A19F3957300C97B5A /* ApiEngine.swift in Sources */ = {isa = PBXBuildFile; fileRef = 7148356919F3957300C97B5A /* ApiEngine.swift */; };
		7192634819F4B797008C26CF /* json.swift in Sources */ = {isa = PBXBuildFile; fileRef = 7192634719F4B797008C26CF /* json.swift */; };
		71A69F4B19F3A21700FB9151 /* MobileCoreServices.framework in Frameworks */ = {isa = PBXBuildFile; fileRef = 71A69F4A19F3A21700FB9151 /* MobileCoreServices.framework */; };
		71C4D74519F38AA6009B3490 /* AppDelegate.swift in Sources */ = {isa = PBXBuildFile; fileRef = 71C4D74419F38AA6009B3490 /* AppDelegate.swift */; };
		71C4D74719F38AA6009B3490 /* ViewController.swift in Sources */ = {isa = PBXBuildFile; fileRef = 71C4D74619F38AA6009B3490 /* ViewController.swift */; };
		71C4D74A19F38AA6009B3490 /* Main.storyboard in Resources */ = {isa = PBXBuildFile; fileRef = 71C4D74819F38AA6009B3490 /* Main.storyboard */; };
		71C4D74C19F38AA6009B3490 /* Images.xcassets in Resources */ = {isa = PBXBuildFile; fileRef = 71C4D74B19F38AA6009B3490 /* Images.xcassets */; };
		71C4D74F19F38AA6009B3490 /* LaunchScreen.xib in Resources */ = {isa = PBXBuildFile; fileRef = 71C4D74D19F38AA6009B3490 /* LaunchScreen.xib */; };
		71C4D75B19F38AA6009B3490 /* SwiftPracticeTests.swift in Sources */ = {isa = PBXBuildFile; fileRef = 71C4D75A19F38AA6009B3490 /* SwiftPracticeTests.swift */; };
		71C4D78A19F38E19009B3490 /* ImageIO.framework in Frameworks */ = {isa = PBXBuildFile; fileRef = 71C4D78919F38E19009B3490 /* ImageIO.framework */; };
		71C4D78C19F38E20009B3490 /* QuartzCore.framework in Frameworks */ = {isa = PBXBuildFile; fileRef = 71C4D78B19F38E20009B3490 /* QuartzCore.framework */; };
		71C4D78E19F38E29009B3490 /* MapKit.framework in Frameworks */ = {isa = PBXBuildFile; fileRef = 71C4D78D19F38E29009B3490 /* MapKit.framework */; };
		71C4D79019F38E30009B3490 /* CFNetwork.framework in Frameworks */ = {isa = PBXBuildFile; fileRef = 71C4D78F19F38E30009B3490 /* CFNetwork.framework */; };
		71C4D79219F38E37009B3490 /* Security.framework in Frameworks */ = {isa = PBXBuildFile; fileRef = 71C4D79119F38E37009B3490 /* Security.framework */; };
		71C4D79419F38E41009B3490 /* SystemConfiguration.framework in Frameworks */ = {isa = PBXBuildFile; fileRef = 71C4D79319F38E41009B3490 /* SystemConfiguration.framework */; };
		71C4D79619F38E49009B3490 /* UIKit.framework in Frameworks */ = {isa = PBXBuildFile; fileRef = 71C4D79519F38E49009B3490 /* UIKit.framework */; };
		71C4D79819F38E50009B3490 /* Foundation.framework in Frameworks */ = {isa = PBXBuildFile; fileRef = 71C4D79719F38E50009B3490 /* Foundation.framework */; };
		71C4D79A19F38E58009B3490 /* CoreGraphics.framework in Frameworks */ = {isa = PBXBuildFile; fileRef = 71C4D79919F38E58009B3490 /* CoreGraphics.framework */; };
		E43EFFE67A573D2F2ECF2996 /* libPods-SwiftPractice.a in Frameworks */ = {isa = PBXBuildFile; fileRef = E474F3C2B6A594B5D5A30DB4 /* libPods-SwiftPractice.a */; };
/* End PBXBuildFile section */

/* Begin PBXContainerItemProxy section */
		71C4D75519F38AA6009B3490 /* PBXContainerItemProxy */ = {
			isa = PBXContainerItemProxy;
			containerPortal = 71C4D73719F38AA6009B3490 /* Project object */;
			proxyType = 1;
			remoteGlobalIDString = 71C4D73E19F38AA6009B3490;
			remoteInfo = SwiftPractice;
		};
/* End PBXContainerItemProxy section */

/* Begin PBXFileReference section */
		1D92A602F6FA4E0EFEC2A16E /* Pods-SwiftPractice.release.xcconfig */ = {isa = PBXFileReference; includeInIndex = 1; lastKnownFileType = text.xcconfig; name = "Pods-SwiftPractice.release.xcconfig"; path = "Pods/Target Support Files/Pods-SwiftPractice/Pods-SwiftPractice.release.xcconfig"; sourceTree = "<group>"; };
		56C6A63F0005F404C531A5C6 /* Pods-SwiftPractice.debug.xcconfig */ = {isa = PBXFileReference; includeInIndex = 1; lastKnownFileType = text.xcconfig; name = "Pods-SwiftPractice.debug.xcconfig"; path = "Pods/Target Support Files/Pods-SwiftPractice/Pods-SwiftPractice.debug.xcconfig"; sourceTree = "<group>"; };
		71130A3019F3ABE00098DD3C /* ImageModel.swift */ = {isa = PBXFileReference; fileEncoding = 4; lastKnownFileType = sourcecode.swift; path = ImageModel.swift; sourceTree = "<group>"; };
		7122781419F628E70078E31B /* ImageTableViewCell.swift */ = {isa = PBXFileReference; fileEncoding = 4; lastKnownFileType = sourcecode.swift; path = ImageTableViewCell.swift; sourceTree = "<group>"; };
		7148356919F3957300C97B5A /* ApiEngine.swift */ = {isa = PBXFileReference; fileEncoding = 4; lastKnownFileType = sourcecode.swift; path = ApiEngine.swift; sourceTree = "<group>"; };
		7148356B19F3978500C97B5A /* SwiftPractice-Bridging-Header.h */ = {isa = PBXFileReference; lastKnownFileType = sourcecode.c.h; path = "SwiftPractice-Bridging-Header.h"; sourceTree = SOURCE_ROOT; };
		7192634719F4B797008C26CF /* json.swift */ = {isa = PBXFileReference; fileEncoding = 4; lastKnownFileType = sourcecode.swift; name = json.swift; path = "external-libs/swift-json/json.swift"; sourceTree = "<group>"; };
		71A69F4A19F3A21700FB9151 /* MobileCoreServices.framework */ = {isa = PBXFileReference; lastKnownFileType = wrapper.framework; name = MobileCoreServices.framework; path = System/Library/Frameworks/MobileCoreServices.framework; sourceTree = SDKROOT; };
		71C4D73F19F38AA6009B3490 /* SwiftPractice.app */ = {isa = PBXFileReference; explicitFileType = wrapper.application; includeInIndex = 0; path = SwiftPractice.app; sourceTree = BUILT_PRODUCTS_DIR; };
		71C4D74319F38AA6009B3490 /* Info.plist */ = {isa = PBXFileReference; lastKnownFileType = text.plist.xml; path = Info.plist; sourceTree = "<group>"; };
		71C4D74419F38AA6009B3490 /* AppDelegate.swift */ = {isa = PBXFileReference; lastKnownFileType = sourcecode.swift; path = AppDelegate.swift; sourceTree = "<group>"; };
		71C4D74619F38AA6009B3490 /* ViewController.swift */ = {isa = PBXFileReference; lastKnownFileType = sourcecode.swift; path = ViewController.swift; sourceTree = "<group>"; };
		71C4D74919F38AA6009B3490 /* Base */ = {isa = PBXFileReference; lastKnownFileType = file.storyboard; name = Base; path = Base.lproj/Main.storyboard; sourceTree = "<group>"; };
		71C4D74B19F38AA6009B3490 /* Images.xcassets */ = {isa = PBXFileReference; lastKnownFileType = folder.assetcatalog; path = Images.xcassets; sourceTree = "<group>"; };
		71C4D74E19F38AA6009B3490 /* Base */ = {isa = PBXFileReference; lastKnownFileType = file.xib; name = Base; path = Base.lproj/LaunchScreen.xib; sourceTree = "<group>"; };
		71C4D75419F38AA6009B3490 /* SwiftPracticeTests.xctest */ = {isa = PBXFileReference; explicitFileType = wrapper.cfbundle; includeInIndex = 0; path = SwiftPracticeTests.xctest; sourceTree = BUILT_PRODUCTS_DIR; };
		71C4D75919F38AA6009B3490 /* Info.plist */ = {isa = PBXFileReference; lastKnownFileType = text.plist.xml; path = Info.plist; sourceTree = "<group>"; };
		71C4D75A19F38AA6009B3490 /* SwiftPracticeTests.swift */ = {isa = PBXFileReference; lastKnownFileType = sourcecode.swift; path = SwiftPracticeTests.swift; sourceTree = "<group>"; };
		71C4D78919F38E19009B3490 /* ImageIO.framework */ = {isa = PBXFileReference; lastKnownFileType = wrapper.framework; name = ImageIO.framework; path = System/Library/Frameworks/ImageIO.framework; sourceTree = SDKROOT; };
		71C4D78B19F38E20009B3490 /* QuartzCore.framework */ = {isa = PBXFileReference; lastKnownFileType = wrapper.framework; name = QuartzCore.framework; path = System/Library/Frameworks/QuartzCore.framework; sourceTree = SDKROOT; };
		71C4D78D19F38E29009B3490 /* MapKit.framework */ = {isa = PBXFileReference; lastKnownFileType = wrapper.framework; name = MapKit.framework; path = System/Library/Frameworks/MapKit.framework; sourceTree = SDKROOT; };
		71C4D78F19F38E30009B3490 /* CFNetwork.framework */ = {isa = PBXFileReference; lastKnownFileType = wrapper.framework; name = CFNetwork.framework; path = System/Library/Frameworks/CFNetwork.framework; sourceTree = SDKROOT; };
		71C4D79119F38E37009B3490 /* Security.framework */ = {isa = PBXFileReference; lastKnownFileType = wrapper.framework; name = Security.framework; path = System/Library/Frameworks/Security.framework; sourceTree = SDKROOT; };
		71C4D79319F38E41009B3490 /* SystemConfiguration.framework */ = {isa = PBXFileReference; lastKnownFileType = wrapper.framework; name = SystemConfiguration.framework; path = System/Library/Frameworks/SystemConfiguration.framework; sourceTree = SDKROOT; };
		71C4D79519F38E49009B3490 /* UIKit.framework */ = {isa = PBXFileReference; lastKnownFileType = wrapper.framework; name = UIKit.framework; path = System/Library/Frameworks/UIKit.framework; sourceTree = SDKROOT; };
		71C4D79719F38E50009B3490 /* Foundation.framework */ = {isa = PBXFileReference; lastKnownFileType = wrapper.framework; name = Foundation.framework; path = System/Library/Frameworks/Foundation.framework; sourceTree = SDKROOT; };
		71C4D79919F38E58009B3490 /* CoreGraphics.framework */ = {isa = PBXFileReference; lastKnownFileType = wrapper.framework; name = CoreGraphics.framework; path = System/Library/Frameworks/CoreGraphics.framework; sourceTree = SDKROOT; };
		E474F3C2B6A594B5D5A30DB4 /* libPods-SwiftPractice.a */ = {isa = PBXFileReference; explicitFileType = archive.ar; includeInIndex = 0; path = "libPods-SwiftPractice.a"; sourceTree = BUILT_PRODUCTS_DIR; };
/* End PBXFileReference section */

/* Begin PBXFrameworksBuildPhase section */
		71C4D73C19F38AA6009B3490 /* Frameworks */ = {
			isa = PBXFrameworksBuildPhase;
			buildActionMask = 2147483647;
			files = (
				71A69F4B19F3A21700FB9151 /* MobileCoreServices.framework in Frameworks */,
				71C4D79A19F38E58009B3490 /* CoreGraphics.framework in Frameworks */,
				71C4D79819F38E50009B3490 /* Foundation.framework in Frameworks */,
				71C4D79619F38E49009B3490 /* UIKit.framework in Frameworks */,
				71C4D79419F38E41009B3490 /* SystemConfiguration.framework in Frameworks */,
				71C4D79219F38E37009B3490 /* Security.framework in Frameworks */,
				71C4D79019F38E30009B3490 /* CFNetwork.framework in Frameworks */,
				71C4D78E19F38E29009B3490 /* MapKit.framework in Frameworks */,
				71C4D78C19F38E20009B3490 /* QuartzCore.framework in Frameworks */,
				71C4D78A19F38E19009B3490 /* ImageIO.framework in Frameworks */,
				E43EFFE67A573D2F2ECF2996 /* libPods-SwiftPractice.a in Frameworks */,
			);
			runOnlyForDeploymentPostprocessing = 0;
		};
		71C4D75119F38AA6009B3490 /* Frameworks */ = {
			isa = PBXFrameworksBuildPhase;
			buildActionMask = 2147483647;
			files = (
			);
			runOnlyForDeploymentPostprocessing = 0;
		};
/* End PBXFrameworksBuildPhase section */

/* Begin PBXGroup section */
		7122781319F628AB0078E31B /* View */ = {
			isa = PBXGroup;
			children = (
				7122781419F628E70078E31B /* ImageTableViewCell.swift */,
			);
			name = View;
			sourceTree = "<group>";
		};
		7148356619F3950200C97B5A /* Model */ = {
			isa = PBXGroup;
			children = (
				71130A3019F3ABE00098DD3C /* ImageModel.swift */,
			);
			name = Model;
			sourceTree = "<group>";
		};
		7148356719F3950800C97B5A /* Network */ = {
			isa = PBXGroup;
			children = (
				7148356919F3957300C97B5A /* ApiEngine.swift */,
				7148356819F3952E00C97B5A /* Response */,
			);
			name = Network;
			sourceTree = "<group>";
		};
		7148356819F3952E00C97B5A /* Response */ = {
			isa = PBXGroup;
			children = (
			);
			name = Response;
			sourceTree = "<group>";
		};
		7192634519F4B774008C26CF /* external-libs */ = {
			isa = PBXGroup;
			children = (
				7192634619F4B77F008C26CF /* swift-json */,
			);
			name = "external-libs";
			sourceTree = "<group>";
		};
		7192634619F4B77F008C26CF /* swift-json */ = {
			isa = PBXGroup;
			children = (
				7192634719F4B797008C26CF /* json.swift */,
			);
			name = "swift-json";
			sourceTree = "<group>";
		};
		71C4D73619F38AA6009B3490 = {
			isa = PBXGroup;
			children = (
				7192634519F4B774008C26CF /* external-libs */,
				71C4D78819F38DF3009B3490 /* Frameworks */,
				904C501F6CDB9DF16EC60331 /* Pods */,
				71C4D74019F38AA6009B3490 /* Products */,
				71C4D74119F38AA6009B3490 /* SwiftPractice */,
				7148356B19F3978500C97B5A /* SwiftPractice-Bridging-Header.h */,
				71C4D75719F38AA6009B3490 /* SwiftPracticeTests */,
			);
			sourceTree = "<group>";
		};
		71C4D74019F38AA6009B3490 /* Products */ = {
			isa = PBXGroup;
			children = (
				71C4D73F19F38AA6009B3490 /* SwiftPractice.app */,
				71C4D75419F38AA6009B3490 /* SwiftPracticeTests.xctest */,
			);
			name = Products;
			sourceTree = "<group>";
		};
		71C4D74119F38AA6009B3490 /* SwiftPractice */ = {
			isa = PBXGroup;
			children = (
				7122781319F628AB0078E31B /* View */,
				7148356719F3950800C97B5A /* Network */,
				7148356619F3950200C97B5A /* Model */,
				71C4D74419F38AA6009B3490 /* AppDelegate.swift */,
				71C4D74619F38AA6009B3490 /* ViewController.swift */,
				71C4D74819F38AA6009B3490 /* Main.storyboard */,
				71C4D74B19F38AA6009B3490 /* Images.xcassets */,
				71C4D74D19F38AA6009B3490 /* LaunchScreen.xib */,
				71C4D74219F38AA6009B3490 /* Supporting Files */,
			);
			path = SwiftPractice;
			sourceTree = "<group>";
		};
		71C4D74219F38AA6009B3490 /* Supporting Files */ = {
			isa = PBXGroup;
			children = (
				71C4D74319F38AA6009B3490 /* Info.plist */,
			);
			name = "Supporting Files";
			sourceTree = "<group>";
		};
		71C4D75719F38AA6009B3490 /* SwiftPracticeTests */ = {
			isa = PBXGroup;
			children = (
				71C4D75A19F38AA6009B3490 /* SwiftPracticeTests.swift */,
				71C4D75819F38AA6009B3490 /* Supporting Files */,
			);
			path = SwiftPracticeTests;
			sourceTree = "<group>";
		};
		71C4D75819F38AA6009B3490 /* Supporting Files */ = {
			isa = PBXGroup;
			children = (
				71C4D75919F38AA6009B3490 /* Info.plist */,
			);
			name = "Supporting Files";
			sourceTree = "<group>";
		};
		71C4D78819F38DF3009B3490 /* Frameworks */ = {
			isa = PBXGroup;
			children = (
				71A69F4A19F3A21700FB9151 /* MobileCoreServices.framework */,
				71C4D79919F38E58009B3490 /* CoreGraphics.framework */,
				71C4D79719F38E50009B3490 /* Foundation.framework */,
				71C4D79519F38E49009B3490 /* UIKit.framework */,
				71C4D79319F38E41009B3490 /* SystemConfiguration.framework */,
				71C4D79119F38E37009B3490 /* Security.framework */,
				71C4D78F19F38E30009B3490 /* CFNetwork.framework */,
				71C4D78D19F38E29009B3490 /* MapKit.framework */,
				71C4D78B19F38E20009B3490 /* QuartzCore.framework */,
				71C4D78919F38E19009B3490 /* ImageIO.framework */,
				E474F3C2B6A594B5D5A30DB4 /* libPods-SwiftPractice.a */,
			);
			name = Frameworks;
			sourceTree = "<group>";
		};
		904C501F6CDB9DF16EC60331 /* Pods */ = {
			isa = PBXGroup;
			children = (
				56C6A63F0005F404C531A5C6 /* Pods-SwiftPractice.debug.xcconfig */,
				1D92A602F6FA4E0EFEC2A16E /* Pods-SwiftPractice.release.xcconfig */,
			);
			name = Pods;
			sourceTree = "<group>";
		};
/* End PBXGroup section */

/* Begin PBXNativeTarget section */
		71C4D73E19F38AA6009B3490 /* SwiftPractice */ = {
			isa = PBXNativeTarget;
			buildConfigurationList = 71C4D75E19F38AA6009B3490 /* Build configuration list for PBXNativeTarget "SwiftPractice" */;
			buildPhases = (
				FFCDEF51EC605A515A47743E /* Check Pods Manifest.lock */,
				71C4D73B19F38AA6009B3490 /* Sources */,
				71C4D73C19F38AA6009B3490 /* Frameworks */,
				71C4D73D19F38AA6009B3490 /* Resources */,
				DF5C6DC9BA7C68330C5FB650 /* Copy Pods Resources */,
			);
			buildRules = (
			);
			dependencies = (
			);
			name = SwiftPractice;
			productName = SwiftPractice;
			productReference = 71C4D73F19F38AA6009B3490 /* SwiftPractice.app */;
			productType = "com.apple.product-type.application";
		};
		71C4D75319F38AA6009B3490 /* SwiftPracticeTests */ = {
			isa = PBXNativeTarget;
			buildConfigurationList = 71C4D76119F38AA6009B3490 /* Build configuration list for PBXNativeTarget "SwiftPracticeTests" */;
			buildPhases = (
				71C4D75019F38AA6009B3490 /* Sources */,
				71C4D75119F38AA6009B3490 /* Frameworks */,
				71C4D75219F38AA6009B3490 /* Resources */,
			);
			buildRules = (
			);
			dependencies = (
				71C4D75619F38AA6009B3490 /* PBXTargetDependency */,
			);
			name = SwiftPracticeTests;
			productName = SwiftPracticeTests;
			productReference = 71C4D75419F38AA6009B3490 /* SwiftPracticeTests.xctest */;
			productType = "com.apple.product-type.bundle.unit-test";
		};
/* End PBXNativeTarget section */

/* Begin PBXProject section */
		71C4D73719F38AA6009B3490 /* Project object */ = {
			isa = PBXProject;
			attributes = {
				LastUpgradeCheck = 0600;
				ORGANIZATIONNAME = "Yukiya Takagi";
				TargetAttributes = {
					71C4D73E19F38AA6009B3490 = {
						CreatedOnToolsVersion = 6.0;
					};
					71C4D75319F38AA6009B3490 = {
						CreatedOnToolsVersion = 6.0;
						TestTargetID = 71C4D73E19F38AA6009B3490;
					};
				};
			};
			buildConfigurationList = 71C4D73A19F38AA6009B3490 /* Build configuration list for PBXProject "SwiftPractice" */;
			compatibilityVersion = "Xcode 3.2";
			developmentRegion = English;
			hasScannedForEncodings = 0;
			knownRegions = (
				en,
				Base,
			);
			mainGroup = 71C4D73619F38AA6009B3490;
			productRefGroup = 71C4D74019F38AA6009B3490 /* Products */;
			projectDirPath = "";
			projectRoot = "";
			targets = (
				71C4D73E19F38AA6009B3490 /* SwiftPractice */,
				71C4D75319F38AA6009B3490 /* SwiftPracticeTests */,
			);
		};
/* End PBXProject section */

/* Begin PBXResourcesBuildPhase section */
		71C4D73D19F38AA6009B3490 /* Resources */ = {
			isa = PBXResourcesBuildPhase;
			buildActionMask = 2147483647;
			files = (
				71C4D74A19F38AA6009B3490 /* Main.storyboard in Resources */,
				71C4D74F19F38AA6009B3490 /* LaunchScreen.xib in Resources */,
				71C4D74C19F38AA6009B3490 /* Images.xcassets in Resources */,
			);
			runOnlyForDeploymentPostprocessing = 0;
		};
		71C4D75219F38AA6009B3490 /* Resources */ = {
			isa = PBXResourcesBuildPhase;
			buildActionMask = 2147483647;
			files = (
			);
			runOnlyForDeploymentPostprocessing = 0;
		};
/* End PBXResourcesBuildPhase section */

/* Begin PBXShellScriptBuildPhase section */
		DF5C6DC9BA7C68330C5FB650 /* Copy Pods Resources */ = {
			isa = PBXShellScriptBuildPhase;
			buildActionMask = 2147483647;
			files = (
			);
			inputPaths = (
			);
			name = "Copy Pods Resources";
			outputPaths = (
			);
			runOnlyForDeploymentPostprocessing = 0;
			shellPath = /bin/sh;
			shellScript = "\"${SRCROOT}/Pods/Target Support Files/Pods-SwiftPractice/Pods-SwiftPractice-resources.sh\"\n";
			showEnvVarsInLog = 0;
		};
		FFCDEF51EC605A515A47743E /* Check Pods Manifest.lock */ = {
			isa = PBXShellScriptBuildPhase;
			buildActionMask = 2147483647;
			files = (
			);
			inputPaths = (
			);
			name = "Check Pods Manifest.lock";
			outputPaths = (
			);
			runOnlyForDeploymentPostprocessing = 0;
			shellPath = /bin/sh;
			shellScript = "diff \"${PODS_ROOT}/../Podfile.lock\" \"${PODS_ROOT}/Manifest.lock\" > /dev/null\nif [[ $? != 0 ]] ; then\n    cat << EOM\nerror: The sandbox is not in sync with the Podfile.lock. Run 'pod install' or update your CocoaPods installation.\nEOM\n    exit 1\nfi\n";
			showEnvVarsInLog = 0;
		};
/* End PBXShellScriptBuildPhase section */

/* Begin PBXSourcesBuildPhase section */
		71C4D73B19F38AA6009B3490 /* Sources */ = {
			isa = PBXSourcesBuildPhase;
			buildActionMask = 2147483647;
			files = (
				71C4D74719F38AA6009B3490 /* ViewController.swift in Sources */,
				71C4D74519F38AA6009B3490 /* AppDelegate.swift in Sources */,
				7192634819F4B797008C26CF /* json.swift in Sources */,
				7122781519F628E80078E31B /* ImageTableViewCell.swift in Sources */,
				7148356A19F3957300C97B5A /* ApiEngine.swift in Sources */,
				71130A3119F3ABE00098DD3C /* ImageModel.swift in Sources */,
			);
			runOnlyForDeploymentPostprocessing = 0;
		};
		71C4D75019F38AA6009B3490 /* Sources */ = {
			isa = PBXSourcesBuildPhase;
			buildActionMask = 2147483647;
			files = (
				71C4D75B19F38AA6009B3490 /* SwiftPracticeTests.swift in Sources */,
			);
			runOnlyForDeploymentPostprocessing = 0;
		};
/* End PBXSourcesBuildPhase section */

/* Begin PBXTargetDependency section */
		71C4D75619F38AA6009B3490 /* PBXTargetDependency */ = {
			isa = PBXTargetDependency;
			target = 71C4D73E19F38AA6009B3490 /* SwiftPractice */;
			targetProxy = 71C4D75519F38AA6009B3490 /* PBXContainerItemProxy */;
		};
/* End PBXTargetDependency section */

/* Begin PBXVariantGroup section */
		71C4D74819F38AA6009B3490 /* Main.storyboard */ = {
			isa = PBXVariantGroup;
			children = (
				71C4D74919F38AA6009B3490 /* Base */,
			);
			name = Main.storyboard;
			sourceTree = "<group>";
		};
		71C4D74D19F38AA6009B3490 /* LaunchScreen.xib */ = {
			isa = PBXVariantGroup;
			children = (
				71C4D74E19F38AA6009B3490 /* Base */,
			);
			name = LaunchScreen.xib;
			sourceTree = "<group>";
		};
/* End PBXVariantGroup section */

/* Begin XCBuildConfiguration section */
		71C4D75C19F38AA6009B3490 /* Debug */ = {
			isa = XCBuildConfiguration;
			buildSettings = {
				ALWAYS_SEARCH_USER_PATHS = NO;
				CLANG_CXX_LANGUAGE_STANDARD = "gnu++0x";
				CLANG_CXX_LIBRARY = "libc++";
				CLANG_ENABLE_MODULES = YES;
				CLANG_ENABLE_OBJC_ARC = YES;
				CLANG_WARN_BOOL_CONVERSION = YES;
				CLANG_WARN_CONSTANT_CONVERSION = YES;
				CLANG_WARN_DIRECT_OBJC_ISA_USAGE = YES_ERROR;
				CLANG_WARN_EMPTY_BODY = YES;
				CLANG_WARN_ENUM_CONVERSION = YES;
				CLANG_WARN_INT_CONVERSION = YES;
				CLANG_WARN_OBJC_ROOT_CLASS = YES_ERROR;
				CLANG_WARN_UNREACHABLE_CODE = YES;
				CLANG_WARN__DUPLICATE_METHOD_MATCH = YES;
				"CODE_SIGN_IDENTITY[sdk=iphoneos*]" = "iPhone Developer";
				COPY_PHASE_STRIP = NO;
				ENABLE_STRICT_OBJC_MSGSEND = YES;
				GCC_C_LANGUAGE_STANDARD = gnu99;
				GCC_DYNAMIC_NO_PIC = NO;
				GCC_OPTIMIZATION_LEVEL = 0;
				GCC_PREPROCESSOR_DEFINITIONS = (
					"DEBUG=1",
					"$(inherited)",
				);
				GCC_SYMBOLS_PRIVATE_EXTERN = NO;
				GCC_WARN_64_TO_32_BIT_CONVERSION = YES;
				GCC_WARN_ABOUT_RETURN_TYPE = YES_ERROR;
				GCC_WARN_UNDECLARED_SELECTOR = YES;
				GCC_WARN_UNINITIALIZED_AUTOS = YES_AGGRESSIVE;
				GCC_WARN_UNUSED_FUNCTION = YES;
				GCC_WARN_UNUSED_VARIABLE = YES;
				IPHONEOS_DEPLOYMENT_TARGET = 8.0;
				MTL_ENABLE_DEBUG_INFO = YES;
				ONLY_ACTIVE_ARCH = YES;
				SDKROOT = iphoneos;
				SWIFT_OPTIMIZATION_LEVEL = "-Onone";
			};
			name = Debug;
		};
		71C4D75D19F38AA6009B3490 /* Release */ = {
			isa = XCBuildConfiguration;
			buildSettings = {
				ALWAYS_SEARCH_USER_PATHS = NO;
				CLANG_CXX_LANGUAGE_STANDARD = "gnu++0x";
				CLANG_CXX_LIBRARY = "libc++";
				CLANG_ENABLE_MODULES = YES;
				CLANG_ENABLE_OBJC_ARC = YES;
				CLANG_WARN_BOOL_CONVERSION = YES;
				CLANG_WARN_CONSTANT_CONVERSION = YES;
				CLANG_WARN_DIRECT_OBJC_ISA_USAGE = YES_ERROR;
				CLANG_WARN_EMPTY_BODY = YES;
				CLANG_WARN_ENUM_CONVERSION = YES;
				CLANG_WARN_INT_CONVERSION = YES;
				CLANG_WARN_OBJC_ROOT_CLASS = YES_ERROR;
				CLANG_WARN_UNREACHABLE_CODE = YES;
				CLANG_WARN__DUPLICATE_METHOD_MATCH = YES;
				"CODE_SIGN_IDENTITY[sdk=iphoneos*]" = "iPhone Developer";
				COPY_PHASE_STRIP = YES;
				ENABLE_NS_ASSERTIONS = NO;
				ENABLE_STRICT_OBJC_MSGSEND = YES;
				GCC_C_LANGUAGE_STANDARD = gnu99;
				GCC_WARN_64_TO_32_BIT_CONVERSION = YES;
				GCC_WARN_ABOUT_RETURN_TYPE = YES_ERROR;
				GCC_WARN_UNDECLARED_SELECTOR = YES;
				GCC_WARN_UNINITIALIZED_AUTOS = YES_AGGRESSIVE;
				GCC_WARN_UNUSED_FUNCTION = YES;
				GCC_WARN_UNUSED_VARIABLE = YES;
				IPHONEOS_DEPLOYMENT_TARGET = 8.0;
				MTL_ENABLE_DEBUG_INFO = NO;
				SDKROOT = iphoneos;
				VALIDATE_PRODUCT = YES;
			};
			name = Release;
		};
		71C4D75F19F38AA6009B3490 /* Debug */ = {
			isa = XCBuildConfiguration;
			baseConfigurationReference = 56C6A63F0005F404C531A5C6 /* Pods-SwiftPractice.debug.xcconfig */;
			buildSettings = {
				ASSETCATALOG_COMPILER_APPICON_NAME = AppIcon;
				CLANG_ENABLE_MODULES = YES;
				INFOPLIST_FILE = SwiftPractice/Info.plist;
				LD_RUNPATH_SEARCH_PATHS = "$(inherited) @executable_path/Frameworks";
				OTHER_LDFLAGS = "$(inherited)";
				PRODUCT_NAME = "$(TARGET_NAME)";
				SWIFT_OBJC_BRIDGING_HEADER = "$(SRCROOT)/SwiftPractice-Bridging-Header.h";
				SWIFT_OPTIMIZATION_LEVEL = "-Onone";
			};
			name = Debug;
		};
		71C4D76019F38AA6009B3490 /* Release */ = {
			isa = XCBuildConfiguration;
			baseConfigurationReference = 1D92A602F6FA4E0EFEC2A16E /* Pods-SwiftPractice.release.xcconfig */;
			buildSettings = {
				ASSETCATALOG_COMPILER_APPICON_NAME = AppIcon;
				CLANG_ENABLE_MODULES = YES;
				INFOPLIST_FILE = SwiftPractice/Info.plist;
				LD_RUNPATH_SEARCH_PATHS = "$(inherited) @executable_path/Frameworks";
				OTHER_LDFLAGS = "$(inherited)";
				PRODUCT_NAME = "$(TARGET_NAME)";
				SWIFT_OBJC_BRIDGING_HEADER = "$(SRCROOT)/SwiftPractice-Bridging-Header.h";
			};
			name = Release;
		};
		71C4D76219F38AA6009B3490 /* Debug */ = {
			isa = XCBuildConfiguration;
			buildSettings = {
				BUNDLE_LOADER = "$(TEST_HOST)";
				FRAMEWORK_SEARCH_PATHS = (
					"$(SDKROOT)/Developer/Library/Frameworks",
					"$(inherited)",
				);
				GCC_PREPROCESSOR_DEFINITIONS = (
					"DEBUG=1",
					"$(inherited)",
				);
				INFOPLIST_FILE = SwiftPracticeTests/Info.plist;
				LD_RUNPATH_SEARCH_PATHS = "$(inherited) @executable_path/Frameworks @loader_path/Frameworks";
				PRODUCT_NAME = "$(TARGET_NAME)";
				TEST_HOST = "$(BUILT_PRODUCTS_DIR)/SwiftPractice.app/SwiftPractice";
			};
			name = Debug;
		};
		71C4D76319F38AA6009B3490 /* Release */ = {
			isa = XCBuildConfiguration;
			buildSettings = {
				BUNDLE_LOADER = "$(TEST_HOST)";
				FRAMEWORK_SEARCH_PATHS = (
					"$(SDKROOT)/Developer/Library/Frameworks",
					"$(inherited)",
				);
				INFOPLIST_FILE = SwiftPracticeTests/Info.plist;
				LD_RUNPATH_SEARCH_PATHS = "$(inherited) @executable_path/Frameworks @loader_path/Frameworks";
				PRODUCT_NAME = "$(TARGET_NAME)";
				TEST_HOST = "$(BUILT_PRODUCTS_DIR)/SwiftPractice.app/SwiftPractice";
			};
			name = Release;
		};
/* End XCBuildConfiguration section */

/* Begin XCConfigurationList section */
		71C4D73A19F38AA6009B3490 /* Build configuration list for PBXProject "SwiftPractice" */ = {
			isa = XCConfigurationList;
			buildConfigurations = (
				71C4D75C19F38AA6009B3490 /* Debug */,
				71C4D75D19F38AA6009B3490 /* Release */,
			);
			defaultConfigurationIsVisible = 0;
			defaultConfigurationName = Release;
		};
		71C4D75E19F38AA6009B3490 /* Build configuration list for PBXNativeTarget "SwiftPractice" */ = {
			isa = XCConfigurationList;
			buildConfigurations = (
				71C4D75F19F38AA6009B3490 /* Debug */,
				71C4D76019F38AA6009B3490 /* Release */,
			);
			defaultConfigurationIsVisible = 0;
			defaultConfigurationName = Release;
		};
		71C4D76119F38AA6009B3490 /* Build configuration list for PBXNativeTarget "SwiftPracticeTests" */ = {
			isa = XCConfigurationList;
			buildConfigurations = (
				71C4D76219F38AA6009B3490 /* Debug */,
				71C4D76319F38AA6009B3490 /* Release */,
			);
			defaultConfigurationIsVisible = 0;
			defaultConfigurationName = Release;
		};
/* End XCConfigurationList section */
	};
	rootObject = 71C4D73719F38AA6009B3490 /* Project object */;
}
